
Microsoft Visual Studio Solution File, Format Version 12.00
# Visual Studio Version 17
VisualStudioVersion = 17.5.002.0
MinimumVisualStudioVersion = 10.0.40219.1
Project("{9A19103F-16F7-4668-BE54-9A1E7A4F7556}") = "FirstAITool.API.Application", "FirstAITool.API.Application\FirstAITool.API.Application.csproj", "{65F71129-3917-4724-95C3-0AD21534C339}"
EndProject
Project("{9A19103F-16F7-4668-BE54-9A1E7A4F7556}") = "FirstAITool.API.Domain", "FirstAITool.API.Domain\FirstAITool.API.Domain.csproj", "{AFB36623-51A7-4678-AC76-492982317ADC}"
EndProject
Project("{9A19103F-16F7-4668-BE54-9A1E7A4F7556}") = "FirstAITool.API.Infrastructure", "FirstAITool.API.Infrastructure\FirstAITool.API.Infrastructure.csproj", "{DE43372F-F3DC-4E2D-8C05-421837379349}"
EndProject
Project("{9A19103F-16F7-4668-BE54-9A1E7A4F7556}") = "FirstAITool.API.WebAPI", "FirstAITool.API.WebAPI\FirstAITool.API.WebAPI.csproj", "{6797F3D1-6694-4FCA-9626-04CFA8E3C0DB}"
EndProject
Global
	GlobalSection(SolutionConfigurationPlatforms) = preSolution
		Debug|Any CPU = Debug|Any CPU
		Release|Any CPU = Release|Any CPU
	EndGlobalSection
	GlobalSection(ProjectConfigurationPlatforms) = postSolution
		{65F71129-3917-4724-95C3-0AD21534C339}.Debug|Any CPU.ActiveCfg = Debug|Any CPU
		{65F71129-3917-4724-95C3-0AD21534C339}.Debug|Any CPU.Build.0 = Debug|Any CPU
		{65F71129-3917-4724-95C3-0AD21534C339}.Release|Any CPU.ActiveCfg = Release|Any CPU
		{65F71129-3917-4724-95C3-0AD21534C339}.Release|Any CPU.Build.0 = Release|Any CPU
		{AFB36623-51A7-4678-AC76-492982317ADC}.Debug|Any CPU.ActiveCfg = Debug|Any CPU
		{AFB36623-51A7-4678-AC76-492982317ADC}.Debug|Any CPU.Build.0 = Debug|Any CPU
		{AFB36623-51A7-4678-AC76-492982317ADC}.Release|Any CPU.ActiveCfg = Release|Any CPU
		{AFB36623-51A7-4678-AC76-492982317ADC}.Release|Any CPU.Build.0 = Release|Any CPU
		{DE43372F-F3DC-4E2D-8C05-421837379349}.Debug|Any CPU.ActiveCfg = Debug|Any CPU
		{DE43372F-F3DC-4E2D-8C05-421837379349}.Debug|Any CPU.Build.0 = Debug|Any CPU
		{DE43372F-F3DC-4E2D-8C05-421837379349}.Release|Any CPU.ActiveCfg = Release|Any CPU
		{DE43372F-F3DC-4E2D-8C05-421837379349}.Release|Any CPU.Build.0 = Release|Any CPU
		{6797F3D1-6694-4FCA-9626-04CFA8E3C0DB}.Debug|Any CPU.ActiveCfg = Debug|Any CPU
		{6797F3D1-6694-4FCA-9626-04CFA8E3C0DB}.Debug|Any CPU.Build.0 = Debug|Any CPU
		{6797F3D1-6694-4FCA-9626-04CFA8E3C0DB}.Release|Any CPU.ActiveCfg = Release|Any CPU
		{6797F3D1-6694-4FCA-9626-04CFA8E3C0DB}.Release|Any CPU.Build.0 = Release|Any CPU
	EndGlobalSection
	GlobalSection(SolutionProperties) = preSolution
		HideSolutionNode = FALSE
	EndGlobalSection
	GlobalSection(ExtensibilityGlobals) = postSolution
		SolutionGuid = {A433E766-CE9E-44A6-AFFC-140C0F4657B2}
	EndGlobalSection
EndGlobal
